
Microsoft Visual Studio Solution File, Format Version 12.00
# Visual Studio Version 16
VisualStudioVersion = 16.0.30804.86
MinimumVisualStudioVersion = 10.0.40219.1
Project("{2150E333-8FDC-42A3-9474-1A3956D46DE8}") = "Services", "Services", "{2169054C-829A-460D-B762-7145637D542C}"
EndProject
Project("{2150E333-8FDC-42A3-9474-1A3956D46DE8}") = "Catalog", "Catalog", "{5ED0CC80-60E6-44C9-8FDF-BC5B8DE3387C}"
EndProject
Project("{9A19103F-16F7-4668-BE54-9A1E7A4F7556}") = "Catalog.API", "Services\Catalog\Catalog.API\Catalog.API.csproj", "{2A358A68-B088-494E-8020-1167FCCFF484}"
EndProject
Project("{E53339B2-1760-4266-BCC7-CA923CBCF16C}") = "docker-compose", "docker-compose.dcproj", "{3E784A7B-3D37-4EA4-919C-FD85B04C65BE}"
EndProject
Project("{2150E333-8FDC-42A3-9474-1A3956D46DE8}") = "Basket", "Basket", "{F7531B84-9FDB-4FBA-B547-40D04DD6138C}"
EndProject
Project("{9A19103F-16F7-4668-BE54-9A1E7A4F7556}") = "Basket.API", "Services\Basket\Basket.API\Basket.API.csproj", "{24D92C4C-6506-46A3-88D8-9CCFDDFEADEF}"
EndProject
Project("{2150E333-8FDC-42A3-9474-1A3956D46DE8}") = "Discount", "Discount", "{AA39E73F-B15A-4D99-8407-8C98DB3C33C5}"
EndProject
Project("{9A19103F-16F7-4668-BE54-9A1E7A4F7556}") = "Discount.API", "Services\Discount\Discount.API\Discount.API.csproj", "{643BA616-DF53-4085-8A56-53B9BD236729}"
EndProject
Project("{9A19103F-16F7-4668-BE54-9A1E7A4F7556}") = "Discount.Grpc", "Services\Discount\Discount.Grpc\Discount.Grpc.csproj", "{2A8E3F36-17E1-423E-AE1A-BB60E41AD9AC}"
EndProject
Project("{2150E333-8FDC-42A3-9474-1A3956D46DE8}") = "Ordering", "Ordering", "{EE506FC3-4D1A-43AC-BC25-B9E0F4CA6D6F}"
EndProject
Project("{9A19103F-16F7-4668-BE54-9A1E7A4F7556}") = "Ordering.API", "Services\Ordering\Ordering.API\Ordering.API.csproj", "{25996FC4-89CB-4BFB-9CF8-BEE75B54B446}"
EndProject
Project("{9A19103F-16F7-4668-BE54-9A1E7A4F7556}") = "Ordering.Domain", "Services\Ordering\Ordering.Domain\Ordering.Domain.csproj", "{25162347-8425-419D-B445-67B863FE52D6}"
EndProject
Project("{9A19103F-16F7-4668-BE54-9A1E7A4F7556}") = "Ordering.Application", "Services\Ordering\Ordering.Application\Ordering.Application.csproj", "{89CEB848-6490-4BDA-8F47-A4E7AD8925C9}"
EndProject
Project("{9A19103F-16F7-4668-BE54-9A1E7A4F7556}") = "Ordering.Infrastructure", "Services\Ordering\Ordering.Infrastructure\Ordering.Infrastructure.csproj", "{0460214A-F9A7-4328-BD72-212FCF5ACECA}"
EndProject
Project("{2150E333-8FDC-42A3-9474-1A3956D46DE8}") = "BuildingBlocks", "BuildingBlocks", "{1E9F2036-C90A-431A-9456-539C9C00479A}"
EndProject
Project("{FAE04EC0-301F-11D3-BF4B-00C04F79EFBC}") = "EventBusMessages", "BuildingBlocks\EventBusMessages\EventBusMessages.csproj", "{218377B3-7995-4157-BBCD-0167B6267406}"
EndProject
Global
	GlobalSection(SolutionConfigurationPlatforms) = preSolution
		Debug|Any CPU = Debug|Any CPU
		Release|Any CPU = Release|Any CPU
	EndGlobalSection
	GlobalSection(ProjectConfigurationPlatforms) = postSolution
		{2A358A68-B088-494E-8020-1167FCCFF484}.Debug|Any CPU.ActiveCfg = Debug|Any CPU
		{2A358A68-B088-494E-8020-1167FCCFF484}.Debug|Any CPU.Build.0 = Debug|Any CPU
		{2A358A68-B088-494E-8020-1167FCCFF484}.Release|Any CPU.ActiveCfg = Release|Any CPU
		{2A358A68-B088-494E-8020-1167FCCFF484}.Release|Any CPU.Build.0 = Release|Any CPU
		{3E784A7B-3D37-4EA4-919C-FD85B04C65BE}.Debug|Any CPU.ActiveCfg = Debug|Any CPU
		{3E784A7B-3D37-4EA4-919C-FD85B04C65BE}.Debug|Any CPU.Build.0 = Debug|Any CPU
		{3E784A7B-3D37-4EA4-919C-FD85B04C65BE}.Release|Any CPU.ActiveCfg = Release|Any CPU
		{3E784A7B-3D37-4EA4-919C-FD85B04C65BE}.Release|Any CPU.Build.0 = Release|Any CPU
		{24D92C4C-6506-46A3-88D8-9CCFDDFEADEF}.Debug|Any CPU.ActiveCfg = Debug|Any CPU
		{24D92C4C-6506-46A3-88D8-9CCFDDFEADEF}.Debug|Any CPU.Build.0 = Debug|Any CPU
		{24D92C4C-6506-46A3-88D8-9CCFDDFEADEF}.Release|Any CPU.ActiveCfg = Release|Any CPU
		{24D92C4C-6506-46A3-88D8-9CCFDDFEADEF}.Release|Any CPU.Build.0 = Release|Any CPU
		{643BA616-DF53-4085-8A56-53B9BD236729}.Debug|Any CPU.ActiveCfg = Debug|Any CPU
		{643BA616-DF53-4085-8A56-53B9BD236729}.Debug|Any CPU.Build.0 = Debug|Any CPU
		{643BA616-DF53-4085-8A56-53B9BD236729}.Release|Any CPU.ActiveCfg = Release|Any CPU
		{643BA616-DF53-4085-8A56-53B9BD236729}.Release|Any CPU.Build.0 = Release|Any CPU
		{2A8E3F36-17E1-423E-AE1A-BB60E41AD9AC}.Debug|Any CPU.ActiveCfg = Debug|Any CPU
		{2A8E3F36-17E1-423E-AE1A-BB60E41AD9AC}.Debug|Any CPU.Build.0 = Debug|Any CPU
		{2A8E3F36-17E1-423E-AE1A-BB60E41AD9AC}.Release|Any CPU.ActiveCfg = Release|Any CPU
		{2A8E3F36-17E1-423E-AE1A-BB60E41AD9AC}.Release|Any CPU.Build.0 = Release|Any CPU
		{25996FC4-89CB-4BFB-9CF8-BEE75B54B446}.Debug|Any CPU.ActiveCfg = Debug|Any CPU
		{25996FC4-89CB-4BFB-9CF8-BEE75B54B446}.Debug|Any CPU.Build.0 = Debug|Any CPU
		{25996FC4-89CB-4BFB-9CF8-BEE75B54B446}.Release|Any CPU.ActiveCfg = Release|Any CPU
		{25996FC4-89CB-4BFB-9CF8-BEE75B54B446}.Release|Any CPU.Build.0 = Release|Any CPU
		{25162347-8425-419D-B445-67B863FE52D6}.Debug|Any CPU.ActiveCfg = Debug|Any CPU
		{25162347-8425-419D-B445-67B863FE52D6}.Debug|Any CPU.Build.0 = Debug|Any CPU
		{25162347-8425-419D-B445-67B863FE52D6}.Release|Any CPU.ActiveCfg = Release|Any CPU
		{25162347-8425-419D-B445-67B863FE52D6}.Release|Any CPU.Build.0 = Release|Any CPU
		{89CEB848-6490-4BDA-8F47-A4E7AD8925C9}.Debug|Any CPU.ActiveCfg = Debug|Any CPU
		{89CEB848-6490-4BDA-8F47-A4E7AD8925C9}.Debug|Any CPU.Build.0 = Debug|Any CPU
		{89CEB848-6490-4BDA-8F47-A4E7AD8925C9}.Release|Any CPU.ActiveCfg = Release|Any CPU
		{89CEB848-6490-4BDA-8F47-A4E7AD8925C9}.Release|Any CPU.Build.0 = Release|Any CPU
		{0460214A-F9A7-4328-BD72-212FCF5ACECA}.Debug|Any CPU.ActiveCfg = Debug|Any CPU
		{0460214A-F9A7-4328-BD72-212FCF5ACECA}.Debug|Any CPU.Build.0 = Debug|Any CPU
		{0460214A-F9A7-4328-BD72-212FCF5ACECA}.Release|Any CPU.ActiveCfg = Release|Any CPU
		{0460214A-F9A7-4328-BD72-212FCF5ACECA}.Release|Any CPU.Build.0 = Release|Any CPU
		{218377B3-7995-4157-BBCD-0167B6267406}.Debug|Any CPU.ActiveCfg = Debug|Any CPU
		{218377B3-7995-4157-BBCD-0167B6267406}.Debug|Any CPU.Build.0 = Debug|Any CPU
		{218377B3-7995-4157-BBCD-0167B6267406}.Release|Any CPU.ActiveCfg = Release|Any CPU
		{218377B3-7995-4157-BBCD-0167B6267406}.Release|Any CPU.Build.0 = Release|Any CPU
	EndGlobalSection
	GlobalSection(SolutionProperties) = preSolution
		HideSolutionNode = FALSE
	EndGlobalSection
	GlobalSection(NestedProjects) = preSolution
		{5ED0CC80-60E6-44C9-8FDF-BC5B8DE3387C} = {2169054C-829A-460D-B762-7145637D542C}
		{2A358A68-B088-494E-8020-1167FCCFF484} = {5ED0CC80-60E6-44C9-8FDF-BC5B8DE3387C}
		{F7531B84-9FDB-4FBA-B547-40D04DD6138C} = {2169054C-829A-460D-B762-7145637D542C}
		{24D92C4C-6506-46A3-88D8-9CCFDDFEADEF} = {F7531B84-9FDB-4FBA-B547-40D04DD6138C}
		{AA39E73F-B15A-4D99-8407-8C98DB3C33C5} = {2169054C-829A-460D-B762-7145637D542C}
		{643BA616-DF53-4085-8A56-53B9BD236729} = {AA39E73F-B15A-4D99-8407-8C98DB3C33C5}
		{2A8E3F36-17E1-423E-AE1A-BB60E41AD9AC} = {AA39E73F-B15A-4D99-8407-8C98DB3C33C5}
		{EE506FC3-4D1A-43AC-BC25-B9E0F4CA6D6F} = {2169054C-829A-460D-B762-7145637D542C}
		{25996FC4-89CB-4BFB-9CF8-BEE75B54B446} = {EE506FC3-4D1A-43AC-BC25-B9E0F4CA6D6F}
		{25162347-8425-419D-B445-67B863FE52D6} = {EE506FC3-4D1A-43AC-BC25-B9E0F4CA6D6F}
		{89CEB848-6490-4BDA-8F47-A4E7AD8925C9} = {EE506FC3-4D1A-43AC-BC25-B9E0F4CA6D6F}
		{0460214A-F9A7-4328-BD72-212FCF5ACECA} = {EE506FC3-4D1A-43AC-BC25-B9E0F4CA6D6F}
		{218377B3-7995-4157-BBCD-0167B6267406} = {1E9F2036-C90A-431A-9456-539C9C00479A}
	EndGlobalSection
	GlobalSection(ExtensibilityGlobals) = postSolution
		SolutionGuid = {E1620395-C0F3-46AB-9B9A-74D16089C798}
	EndGlobalSection
EndGlobal
